<?xml version="1.0" encoding="utf-8"?>
<Project ToolsVersion="4.0" xmlns="http://schemas.microsoft.com/developer/msbuild/2003">
  <ItemGroup>
    <Filter Include="Engine">
      <UniqueIdentifier>{3f029871-fd1b-462b-bef1-8aa9cc9c6f7a}</UniqueIdentifier>
    </Filter>
    <Filter Include="Game">
      <UniqueIdentifier>{e139d02b-c2f1-4720-a85f-2c5a1c0a29b1}</UniqueIdentifier>
    </Filter>
    <Filter Include="anime">
      <UniqueIdentifier>{1da325ca-e7f8-4c3d-a88f-7249a7b76658}</UniqueIdentifier>
    </Filter>
    <Filter Include="sprt">
      <UniqueIdentifier>{6299c249-5840-4a43-85bd-39c287fd7aed}</UniqueIdentifier>
    </Filter>
  </ItemGroup>
  <ItemGroup>
    <ClCompile Include="Main.cpp" />
    <ClCompile Include="Engine\Engine.cpp">
      <Filter>Engine</Filter>
    </ClCompile>
    <ClCompile Include="Engine\GameStateManager.cpp">
      <Filter>Engine</Filter>
    </ClCompile>
    <ClCompile Include="Engine\Input.cpp">
      <Filter>Engine</Filter>
    </ClCompile>
    <ClCompile Include="Engine\Input_Doodle.cpp">
      <Filter>Engine</Filter>
    </ClCompile>
    <ClCompile Include="Engine\Logger.cpp">
      <Filter>Engine</Filter>
    </ClCompile>
    <ClCompile Include="Engine\Window.cpp">
      <Filter>Engine</Filter>
    </ClCompile>
    <ClCompile Include="Game\Splash.cpp">
      <Filter>Game</Filter>
    </ClCompile>
    <ClCompile Include="Game\Mode1.cpp">
      <Filter>Game</Filter>
    </ClCompile>
    <ClCompile Include="Game\Mode2.cpp">
      <Filter>Game</Filter>
    </ClCompile>
    <ClCompile Include="Engine\Texture.cpp">
      <Filter>Engine</Filter>
    </ClCompile>
    <ClCompile Include="Engine\Sprite.cpp">
      <Filter>Engine</Filter>
    </ClCompile>
    <ClCompile Include="Game\Background.cpp">
      <Filter>Game</Filter>
    </ClCompile>
    <ClCompile Include="Engine\TransformMatrix.cpp">
      <Filter>Engine</Filter>
    </ClCompile>
    <ClCompile Include="Game\Ball.cpp">
      <Filter>Game</Filter>
    </ClCompile>
    <ClCompile Include="Game\Hero.cpp">
      <Filter>Game</Filter>
    </ClCompile>
    <ClCompile Include="Game\Ship.cpp">
      <Filter>Game</Filter>
    </ClCompile>
    <ClCompile Include="Engine\Camera.cpp">
      <Filter>Engine</Filter>
    </ClCompile>
    <ClCompile Include="Engine\Animation.cpp">
      <Filter>Engine</Filter>
    </ClCompile>
  </ItemGroup>
  <ItemGroup>
    <ClInclude Include="Engine\GameState.h">
      <Filter>Engine</Filter>
    </ClInclude>
    <ClInclude Include="Engine\GameStateManager.h">
      <Filter>Engine</Filter>
    </ClInclude>
    <ClInclude Include="Engine\Input.h">
      <Filter>Engine</Filter>
    </ClInclude>
    <ClInclude Include="Engine\Logger.h">
      <Filter>Engine</Filter>
    </ClInclude>
    <ClInclude Include="Engine\Window.h">
      <Filter>Engine</Filter>
    </ClInclude>
    <ClInclude Include="Game\Screens.h">
      <Filter>Game</Filter>
    </ClInclude>
    <ClInclude Include="Game\Splash.h">
      <Filter>Game</Filter>
    </ClInclude>
    <ClInclude Include="Engine\Engine.h">
      <Filter>Engine</Filter>
    </ClInclude>
    <ClInclude Include="Game\Mode1.h">
      <Filter>Game</Filter>
    </ClInclude>
    <ClInclude Include="Game\Mode2.h">
      <Filter>Game</Filter>
    </ClInclude>
    <ClInclude Include="Engine\Vec2.h">
      <Filter>Engine</Filter>
    </ClInclude>
    <ClInclude Include="Engine\Texture.h">
      <Filter>Engine</Filter>
    </ClInclude>
    <ClInclude Include="Engine\Sprite.h">
      <Filter>Engine</Filter>
    </ClInclude>
    <ClInclude Include="Game\Background.h">
      <Filter>Game</Filter>
    </ClInclude>
    <ClInclude Include="Engine\TransformMatrix.h">
      <Filter>Engine</Filter>
    </ClInclude>
    <ClInclude Include="Game\Ball.h">
      <Filter>Game</Filter>
    </ClInclude>
    <ClInclude Include="Game\Hero.h">
      <Filter>Game</Filter>
    </ClInclude>
    <ClInclude Include="Game\Ship.h">
      <Filter>Game</Filter>
    </ClInclude>
    <ClInclude Include="Engine\Camera.h">
      <Filter>Engine</Filter>
    </ClInclude>
    <ClInclude Include="Engine\Rect.h">
      <Filter>Engine</Filter>
    </ClInclude>
    <ClInclude Include="Game\Ball_Anims.h">
      <Filter>Game</Filter>
    </ClInclude>
    <ClInclude Include="Game\Flame_Anims.h">
      <Filter>Game</Filter>
    </ClInclude>
    <ClInclude Include="Engine\Animation.h">
      <Filter>Engine</Filter>
    </ClInclude>
    <ClInclude Include="Game\Hero_Anims.h">
      <Filter>Game</Filter>
    </ClInclude>
  </ItemGroup>
  <ItemGroup>
    <None Include="Engine\Vec2.inl">
      <Filter>Engine</Filter>
    </None>
    <None Include="Assets\ballSquish.anm">
      <Filter>anime</Filter>
    </None>
    <None Include="Assets\flame.anm">
      <Filter>anime</Filter>
    </None>
    <None Include="Assets\heroFall.anm">
      <Filter>anime</Filter>
    </None>
    <None Include="Assets\heroIdle.anm">
      <Filter>anime</Filter>
    </None>
    <None Include="Assets\heroJump.anm">
      <Filter>anime</Filter>
    </None>
    <None Include="Assets\heroRun.anm">
      <Filter>anime</Filter>
    </None>
    <None Include="Assets\heroSkid.anm">
      <Filter>anime</Filter>
    </None>
    <None Include="Assets\none.anm">
      <Filter>anime</Filter>
    </None>
    <None Include="Assets\Ball.spt">
      <Filter>sprt</Filter>
    </None>
    <None Include="Assets\Flame.spt">
      <Filter>sprt</Filter>
    </None>
    <None Include="Assets\Hero.spt">
      <Filter>sprt</Filter>
    </None>
    <None Include="Assets\Ship.spt">
      <Filter>sprt</Filter>
    </None>
  </ItemGroup>
</Project>